
Microsoft Visual Studio Solution File, Format Version 12.00
# Visual Studio Version 16
VisualStudioVersion = 16.0.29503.13
MinimumVisualStudioVersion = 10.0.40219.1
Project("{FAE04EC0-301F-11D3-BF4B-00C04F79EFBC}") = "GuessNumberGame.ConsoleUI", "GuessNumberGame.ConsoleUI\GuessNumberGame.ConsoleUI.csproj", "{8290CD43-8259-44C6-99BA-5990C633B11A}"
EndProject
Global
	GlobalSection(SolutionConfigurationPlatforms) = preSolution
		Debug|Any CPU = Debug|Any CPU
		Release|Any CPU = Release|Any CPU
	EndGlobalSection
	GlobalSection(ProjectConfigurationPlatforms) = postSolution
		{8290CD43-8259-44C6-99BA-5990C633B11A}.Debug|Any CPU.ActiveCfg = Debug|Any CPU
		{8290CD43-8259-44C6-99BA-5990C633B11A}.Debug|Any CPU.Build.0 = Debug|Any CPU
		{8290CD43-8259-44C6-99BA-5990C633B11A}.Release|Any CPU.ActiveCfg = Release|Any CPU
		{8290CD43-8259-44C6-99BA-5990C633B11A}.Release|Any CPU.Build.0 = Release|Any CPU
	EndGlobalSection
	GlobalSection(SolutionProperties) = preSolution
		HideSolutionNode = FALSE
	EndGlobalSection
	GlobalSection(ExtensibilityGlobals) = postSolution
		SolutionGuid = {F27D59D0-4E18-4535-962F-26306F4C5F75}
	EndGlobalSection
EndGlobal
